
Microsoft Visual Studio Solution File, Format Version 12.00
# Visual Studio 15
VisualStudioVersion = 15.0.26730.10
MinimumVisualStudioVersion = 10.0.40219.1
Project("{FAE04EC0-301F-11D3-BF4B-00C04F79EFBC}") = "prjImporta_LayoutPTU", "prjImporta_LayoutPTU\prjImporta_LayoutPTU.csproj", "{49044113-98C9-4CF5-BBAA-3B2140AE2192}"
EndProject
Global
	GlobalSection(SolutionConfigurationPlatforms) = preSolution
		Debug|Any CPU = Debug|Any CPU
		Release|Any CPU = Release|Any CPU
	EndGlobalSection
	GlobalSection(ProjectConfigurationPlatforms) = postSolution
		{49044113-98C9-4CF5-BBAA-3B2140AE2192}.Debug|Any CPU.ActiveCfg = Debug|Any CPU
		{49044113-98C9-4CF5-BBAA-3B2140AE2192}.Debug|Any CPU.Build.0 = Debug|Any CPU
		{49044113-98C9-4CF5-BBAA-3B2140AE2192}.Release|Any CPU.ActiveCfg = Release|Any CPU
		{49044113-98C9-4CF5-BBAA-3B2140AE2192}.Release|Any CPU.Build.0 = Release|Any CPU
	EndGlobalSection
	GlobalSection(SolutionProperties) = preSolution
		HideSolutionNode = FALSE
	EndGlobalSection
	GlobalSection(ExtensibilityGlobals) = postSolution
		SolutionGuid = {DB93854C-184C-41F6-BCE1-FA3AA741F07B}
	EndGlobalSection
EndGlobal
